// !$*UTF8*$!
{
	archiveVersion = 1;
	classes = {
	};
	objectVersion = 46;
	objects = {

/* Begin PBXBuildFile section */
		9410B8A71E77D21D009FD977 /* AppDelegate.swift in Sources */ = {isa = PBXBuildFile; fileRef = 9410B8A61E77D21D009FD977 /* AppDelegate.swift */; };
		9410B8A91E77D21D009FD977 /* ViewController.swift in Sources */ = {isa = PBXBuildFile; fileRef = 9410B8A81E77D21D009FD977 /* ViewController.swift */; };
		9410B8AC1E77D21D009FD977 /* Main.storyboard in Resources */ = {isa = PBXBuildFile; fileRef = 9410B8AA1E77D21D009FD977 /* Main.storyboard */; };
		9410B8AE1E77D21D009FD977 /* Assets.xcassets in Resources */ = {isa = PBXBuildFile; fileRef = 9410B8AD1E77D21D009FD977 /* Assets.xcassets */; };
		9410B8B11E77D21D009FD977 /* LaunchScreen.storyboard in Resources */ = {isa = PBXBuildFile; fileRef = 9410B8AF1E77D21D009FD977 /* LaunchScreen.storyboard */; };
/* End PBXBuildFile section */

/* Begin PBXFileReference section */
		9410B8A31E77D21D009FD977 /* TableViewStory.app */ = {isa = PBXFileReference; explicitFileType = wrapper.application; includeInIndex = 0; path = TableViewStory.app; sourceTree = BUILT_PRODUCTS_DIR; };
		9410B8A61E77D21D009FD977 /* AppDelegate.swift */ = {isa = PBXFileReference; lastKnownFileType = sourcecode.swift; path = AppDelegate.swift; sourceTree = "<group>"; };
		9410B8A81E77D21D009FD977 /* ViewController.swift */ = {isa = PBXFileReference; lastKnownFileType = sourcecode.swift; path = ViewController.swift; sourceTree = "<group>"; };
		9410B8AB1E77D21D009FD977 /* Base */ = {isa = PBXFileReference; lastKnownFileType = file.storyboard; name = Base; path = Base.lproj/Main.storyboard; sourceTree = "<group>"; };
		9410B8AD1E77D21D009FD977 /* Assets.xcassets */ = {isa = PBXFileReference; lastKnownFileType = folder.assetcatalog; path = Assets.xcassets; sourceTree = "<group>"; };
		9410B8B01E77D21D009FD977 /* Base */ = {isa = PBXFileReference; lastKnownFileType = file.storyboard; name = Base; path = Base.lproj/LaunchScreen.storyboard; sourceTree = "<group>"; };
		9410B8B21E77D21D009FD977 /* Info.plist */ = {isa = PBXFileReference; lastKnownFileType = text.plist.xml; path = Info.plist; sourceTree = "<group>"; };
/* End PBXFileReference section */

/* Begin PBXFrameworksBuildPhase section */
		9410B8A01E77D21D009FD977 /* Frameworks */ = {
			isa = PBXFrameworksBuildPhase;
			buildActionMask = 2147483647;
			files = (
			);
			runOnlyForDeploymentPostprocessing = 0;
		};
/* End PBXFrameworksBuildPhase section */

/* Begin PBXGroup section */
		9410B89A1E77D21D009FD977 = {
			isa = PBXGroup;
			children = (
				9410B8A51E77D21D009FD977 /* TableViewStory */,
				9410B8A41E77D21D009FD977 /* Products */,
			);
			sourceTree = "<group>";
		};
		9410B8A41E77D21D009FD977 /* Products */ = {
			isa = PBXGroup;
			children = (
				9410B8A31E77D21D009FD977 /* TableViewStory.app */,
			);
			name = Products;
			sourceTree = "<group>";
		};
		9410B8A51E77D21D009FD977 /* TableViewStory */ = {
			isa = PBXGroup;
			children = (
				9410B8A61E77D21D009FD977 /* AppDelegate.swift */,
				9410B8A81E77D21D009FD977 /* ViewController.swift */,
				9410B8AA1E77D21D009FD977 /* Main.storyboard */,
				9410B8AD1E77D21D009FD977 /* Assets.xcassets */,
				9410B8AF1E77D21D009FD977 /* LaunchScreen.storyboard */,
				9410B8B21E77D21D009FD977 /* Info.plist */,
			);
			path = TableViewStory;
			sourceTree = "<group>";
		};
/* End PBXGroup section */

/* Begin PBXNativeTarget section */
		9410B8A21E77D21D009FD977 /* TableViewStory */ = {
			isa = PBXNativeTarget;
			buildConfigurationList = 9410B8B51E77D21D009FD977 /* Build configuration list for PBXNativeTarget "TableViewStory" */;
			buildPhases = (
				9410B89F1E77D21D009FD977 /* Sources */,
				9410B8A01E77D21D009FD977 /* Frameworks */,
				9410B8A11E77D21D009FD977 /* Resources */,
			);
			buildRules = (
			);
			dependencies = (
			);
			name = TableViewStory;
			productName = TableViewStory;
			productReference = 9410B8A31E77D21D009FD977 /* TableViewStory.app */;
			productType = "com.apple.product-type.application";
		};
/* End PBXNativeTarget section */

/* Begin PBXProject section */
		9410B89B1E77D21D009FD977 /* Project object */ = {
			isa = PBXProject;
			attributes = {
				LastSwiftUpdateCheck = 0820;
				LastUpgradeCheck = 0820;
				ORGANIZATIONNAME = "James Slusser";
				TargetAttributes = {
					9410B8A21E77D21D009FD977 = {
						CreatedOnToolsVersion = 8.2.1;
						DevelopmentTeam = K373EY5YU9;
						ProvisioningStyle = Automatic;
					};
				};
			};
			buildConfigurationList = 9410B89E1E77D21D009FD977 /* Build configuration list for PBXProject "TableViewStory" */;
			compatibilityVersion = "Xcode 3.2";
			developmentRegion = English;
			hasScannedForEncodings = 0;
			knownRegions = (
				en,
				Base,
			);
			mainGroup = 9410B89A1E77D21D009FD977;
			productRefGroup = 9410B8A41E77D21D009FD977 /* Products */;
			projectDirPath = "";
			projectRoot = "";
			targets = (
				9410B8A21E77D21D009FD977 /* TableViewStory */,
			);
		};
/* End PBXProject section */

/* Begin PBXResourcesBuildPhase section */
		9410B8A11E77D21D009FD977 /* Resources */ = {
			isa = PBXResourcesBuildPhase;
			buildActionMask = 2147483647;
			files = (
				9410B8B11E77D21D009FD977 /* LaunchScreen.storyboard in Resources */,
				9410B8AE1E77D21D009FD977 /* Assets.xcassets in Resources */,
				9410B8AC1E77D21D009FD977 /* Main.storyboard in Resources */,
			);
			runOnlyForDeploymentPostprocessing = 0;
		};
/* End PBXResourcesBuildPhase section */

/* Begin PBXSourcesBuildPhase section */
		9410B89F1E77D21D009FD977 /* Sources */ = {
			isa = PBXSourcesBuildPhase;
			buildActionMask = 2147483647;
			files = (
				9410B8A91E77D21D009FD977 /* ViewController.swift in Sources */,
				9410B8A71E77D21D009FD977 /* AppDelegate.swift in Sources */,
			);
			runOnlyForDeploymentPostprocessing = 0;
		};
/* End PBXSourcesBuildPhase section */

/* Begin PBXVariantGroup section */
		9410B8AA1E77D21D009FD977 /* Main.storyboard */ = {
			isa = PBXVariantGroup;
			children = (
				9410B8AB1E77D21D009FD977 /* Base */,
			);
			name = Main.storyboard;
			sourceTree = "<group>";
		};
		9410B8AF1E77D21D009FD977 /* LaunchScreen.storyboard */ = {
			isa = PBXVariantGroup;
			children = (
				9410B8B01E77D21D009FD977 /* Base */,
			);
			name = LaunchScreen.storyboard;
			sourceTree = "<group>";
		};
/* End PBXVariantGroup section */

/* Begin XCBuildConfiguration section */
		9410B8B31E77D21D009FD977 /* Debug */ = {
			isa = XCBuildConfiguration;
			buildSettings = {
				ALWAYS_SEARCH_USER_PATHS = NO;
				CLANG_ANALYZER_NONNULL = YES;
				CLANG_CXX_LANGUAGE_STANDARD = "gnu++0x";
				CLANG_CXX_LIBRARY = "libc++";
				CLANG_ENABLE_MODULES = YES;
				CLANG_ENABLE_OBJC_ARC = YES;
				CLANG_WARN_BOOL_CONVERSION = YES;
				CLANG_WARN_CONSTANT_CONVERSION = YES;
				CLANG_WARN_DIRECT_OBJC_ISA_USAGE = YES_ERROR;
				CLANG_WARN_DOCUMENTATION_COMMENTS = YES;
				CLANG_WARN_EMPTY_BODY = YES;
				CLANG_WARN_ENUM_CONVERSION = YES;
				CLANG_WARN_INFINITE_RECURSION = YES;
				CLANG_WARN_INT_CONVERSION = YES;
				CLANG_WARN_OBJC_ROOT_CLASS = YES_ERROR;
				CLANG_WARN_SUSPICIOUS_MOVE = YES;
				CLANG_WARN_UNREACHABLE_CODE = YES;
				CLANG_WARN__DUPLICATE_METHOD_MATCH = YES;
				"CODE_SIGN_IDENTITY[sdk=iphoneos*]" = "iPhone Developer";
				COPY_PHASE_STRIP = NO;
				DEBUG_INFORMATION_FORMAT = dwarf;
				ENABLE_STRICT_OBJC_MSGSEND = YES;
				ENABLE_TESTABILITY = YES;
				GCC_C_LANGUAGE_STANDARD = gnu99;
				GCC_DYNAMIC_NO_PIC = NO;
				GCC_NO_COMMON_BLOCKS = YES;
				GCC_OPTIMIZATION_LEVEL = 0;
				GCC_PREPROCESSOR_DEFINITIONS = (
					"DEBUG=1",
					"$(inherited)",
				);
				GCC_WARN_64_TO_32_BIT_CONVERSION = YES;
				GCC_WARN_ABOUT_RETURN_TYPE = YES_ERROR;
				GCC_WARN_UNDECLARED_SELECTOR = YES;
				GCC_WARN_UNINITIALIZED_AUTOS = YES_AGGRESSIVE;
				GCC_WARN_UNUSED_FUNCTION = YES;
				GCC_WARN_UNUSED_VARIABLE = YES;
				IPHONEOS_DEPLOYMENT_TARGET = 10.2;
				MTL_ENABLE_DEBUG_INFO = YES;
				ONLY_ACTIVE_ARCH = YES;
				SDKROOT = iphoneos;
				SWIFT_ACTIVE_COMPILATION_CONDITIONS = DEBUG;
				SWIFT_OPTIMIZATION_LEVEL = "-Onone";
				TARGETED_DEVICE_FAMILY = "1,2";
			};
			name = Debug;
		};
		9410B8B41E77D21D009FD977 /* Release */ = {
			isa = XCBuildConfiguration;
			buildSettings = {
				ALWAYS_SEARCH_USER_PATHS = NO;
				CLANG_ANALYZER_NONNULL = YES;
				CLANG_CXX_LANGUAGE_STANDARD = "gnu++0x";
				CLANG_CXX_LIBRARY = "libc++";
				CLANG_ENABLE_MODULES = YES;
				CLANG_ENABLE_OBJC_ARC = YES;
				CLANG_WARN_BOOL_CONVERSION = YES;
				CLANG_WARN_CONSTANT_CONVERSION = YES;
				CLANG_WARN_DIRECT_OBJC_ISA_USAGE = YES_ERROR;
				CLANG_WARN_DOCUMENTATION_COMMENTS = YES;
				CLANG_WARN_EMPTY_BODY = YES;
				CLANG_WARN_ENUM_CONVERSION = YES;
				CLANG_WARN_INFINITE_RECURSION = YES;
				CLANG_WARN_INT_CONVERSION = YES;
				CLANG_WARN_OBJC_ROOT_CLASS = YES_ERROR;
				CLANG_WARN_SUSPICIOUS_MOVE = YES;
				CLANG_WARN_UNREACHABLE_CODE = YES;
				CLANG_WARN__DUPLICATE_METHOD_MATCH = YES;
				"CODE_SIGN_IDENTITY[sdk=iphoneos*]" = "iPhone Developer";
				COPY_PHASE_STRIP = NO;
				DEBUG_INFORMATION_FORMAT = "dwarf-with-dsym";
				ENABLE_NS_ASSERTIONS = NO;
				ENABLE_STRICT_OBJC_MSGSEND = YES;
				GCC_C_LANGUAGE_STANDARD = gnu99;
				GCC_NO_COMMON_BLOCKS = YES;
				GCC_WARN_64_TO_32_BIT_CONVERSION = YES;
				GCC_WARN_ABOUT_RETURN_TYPE = YES_ERROR;
				GCC_WARN_UNDECLARED_SELECTOR = YES;
				GCC_WARN_UNINITIALIZED_AUTOS = YES_AGGRESSIVE;
				GCC_WARN_UNUSED_FUNCTION = YES;
				GCC_WARN_UNUSED_VARIABLE = YES;
				IPHONEOS_DEPLOYMENT_TARGET = 10.2;
				MTL_ENABLE_DEBUG_INFO = NO;
				SDKROOT = iphoneos;
				SWIFT_OPTIMIZATION_LEVEL = "-Owholemodule";
				TARGETED_DEVICE_FAMILY = "1,2";
				VALIDATE_PRODUCT = YES;
			};
			name = Release;
		};
		9410B8B61E77D21D009FD977 /* Debug */ = {
			isa = XCBuildConfiguration;
			buildSettings = {
				ASSETCATALOG_COMPILER_APPICON_NAME = AppIcon;
				DEVELOPMENT_TEAM = K373EY5YU9;
				INFOPLIST_FILE = TableViewStory/Info.plist;
				LD_RUNPATH_SEARCH_PATHS = "$(inherited) @executable_path/Frameworks";
				PRODUCT_BUNDLE_IDENTIFIER = com.jimslusser.TableViewStory;
				PRODUCT_NAME = "$(TARGET_NAME)";
				SWIFT_VERSION = 3.0;
			};
			name = Debug;
		};
		9410B8B71E77D21D009FD977 /* Release */ = {
			isa = XCBuildConfiguration;
			buildSettings = {
				ASSETCATALOG_COMPILER_APPICON_NAME = AppIcon;
				DEVELOPMENT_TEAM = K373EY5YU9;
				INFOPLIST_FILE = TableViewStory/Info.plist;
				LD_RUNPATH_SEARCH_PATHS = "$(inherited) @executable_path/Frameworks";
				PRODUCT_BUNDLE_IDENTIFIER = com.jimslusser.TableViewStory;
				PRODUCT_NAME = "$(TARGET_NAME)";
				SWIFT_VERSION = 3.0;
			};
			name = Release;
		};
/* End XCBuildConfiguration section */

/* Begin XCConfigurationList section */
		9410B89E1E77D21D009FD977 /* Build configuration list for PBXProject "TableViewStory" */ = {
			isa = XCConfigurationList;
			buildConfigurations = (
				9410B8B31E77D21D009FD977 /* Debug */,
				9410B8B41E77D21D009FD977 /* Release */,
			);
			defaultConfigurationIsVisible = 0;
			defaultConfigurationName = Release;
		};
		9410B8B51E77D21D009FD977 /* Build configuration list for PBXNativeTarget "TableViewStory" */ = {
			isa = XCConfigurationList;
			buildConfigurations = (
				9410B8B61E77D21D009FD977 /* Debug */,
				9410B8B71E77D21D009FD977 /* Release */,
			);
			defaultConfigurationIsVisible = 0;
		};
/* End XCConfigurationList section */
	};
	rootObject = 9410B89B1E77D21D009FD977 /* Project object */;
}
